Microsoft Visual Studio Solution File, Format Version 12.00
# Visual Studio Version 17
VisualStudioVersion = 17.5.2.0
MinimumVisualStudioVersion = 10.0.40219.1
Project("{FAE04EC0-301F-11D3-BF4B-00C04F79EFBC}") = "Ebank.API", "Ebank.API.csproj", "{612BCD5D-86E9-0B82-3D64-00F3E837A766}"
EndProject
Global
	GlobalSection(SolutionConfigurationPlatforms) = preSolution
		Debug|Any CPU = Debug|Any CPU
		Release|Any CPU = Release|Any CPU
	EndGlobalSection
	GlobalSection(ProjectConfigurationPlatforms) = postSolution
		{612BCD5D-86E9-0B82-3D64-00F3E837A766}.Debug|Any CPU.ActiveCfg = Debug|Any CPU
		{612BCD5D-86E9-0B82-3D64-00F3E837A766}.Debug|Any CPU.Build.0 = Debug|Any CPU
		{612BCD5D-86E9-0B82-3D64-00F3E837A766}.Release|Any CPU.ActiveCfg = Release|Any CPU
		{612BCD5D-86E9-0B82-3D64-00F3E837A766}.Release|Any CPU.Build.0 = Release|Any CPU
	EndGlobalSection
	GlobalSection(SolutionProperties) = preSolution
		HideSolutionNode = FALSE
	EndGlobalSection
	GlobalSection(ExtensibilityGlobals) = postSolution
		SolutionGuid = {A91F3699-BD83-4471-8E35-E231E432DEFA}
	EndGlobalSection
EndGlobal
